
Microsoft Visual Studio Solution File, Format Version 12.00
# Visual Studio Version 17
VisualStudioVersion = 17.0.31903.59
MinimumVisualStudioVersion = 10.0.40219.1
Project("{FAE04EC0-301F-11D3-BF4B-00C04F79EFBC}") = "OrderCreationDemo", "OrderCreationDemo\OrderCreationDemo.csproj", "{2C099F44-F83F-49C6-9047-B4AA4CD0C40E}"
EndProject
Global
	GlobalSection(SolutionConfigurationPlatforms) = preSolution
		Debug|Any CPU = Debug|Any CPU
		Release|Any CPU = Release|Any CPU
	EndGlobalSection
	GlobalSection(SolutionProperties) = preSolution
		HideSolutionNode = FALSE
	EndGlobalSection
	GlobalSection(ProjectConfigurationPlatforms) = postSolution
		{2C099F44-F83F-49C6-9047-B4AA4CD0C40E}.Debug|Any CPU.ActiveCfg = Debug|Any CPU
		{2C099F44-F83F-49C6-9047-B4AA4CD0C40E}.Debug|Any CPU.Build.0 = Debug|Any CPU
		{2C099F44-F83F-49C6-9047-B4AA4CD0C40E}.Release|Any CPU.ActiveCfg = Release|Any CPU
		{2C099F44-F83F-49C6-9047-B4AA4CD0C40E}.Release|Any CPU.Build.0 = Release|Any CPU
	EndGlobalSection
EndGlobal
